
Microsoft Visual Studio Solution File, Format Version 12.00
# Visual Studio 14
VisualStudioVersion = 14.0.25420.1
MinimumVisualStudioVersion = 10.0.40219.1
Project("{FAE04EC0-301F-11D3-BF4B-00C04F79EFBC}") = "Hello", "Hello\Hello.csproj", "{ADA633BD-80BA-4A9E-B329-3F449F859D82}"
EndProject
Project("{FAE04EC0-301F-11D3-BF4B-00C04F79EFBC}") = "Hello.Tests", "Hello.Tests\Hello.Tests.csproj", "{645C6CAF-40E9-48BE-BF1C-45640C21EAFF}"
EndProject
Global
	GlobalSection(SolutionConfigurationPlatforms) = preSolution
		Debug|Any CPU = Debug|Any CPU
		Release|Any CPU = Release|Any CPU
	EndGlobalSection
	GlobalSection(ProjectConfigurationPlatforms) = postSolution
		{ADA633BD-80BA-4A9E-B329-3F449F859D82}.Debug|Any CPU.ActiveCfg = Debug|Any CPU
		{ADA633BD-80BA-4A9E-B329-3F449F859D82}.Debug|Any CPU.Build.0 = Debug|Any CPU
		{ADA633BD-80BA-4A9E-B329-3F449F859D82}.Release|Any CPU.ActiveCfg = Release|Any CPU
		{ADA633BD-80BA-4A9E-B329-3F449F859D82}.Release|Any CPU.Build.0 = Release|Any CPU
		{645C6CAF-40E9-48BE-BF1C-45640C21EAFF}.Debug|Any CPU.ActiveCfg = Debug|Any CPU
		{645C6CAF-40E9-48BE-BF1C-45640C21EAFF}.Debug|Any CPU.Build.0 = Debug|Any CPU
		{645C6CAF-40E9-48BE-BF1C-45640C21EAFF}.Release|Any CPU.ActiveCfg = Release|Any CPU
		{645C6CAF-40E9-48BE-BF1C-45640C21EAFF}.Release|Any CPU.Build.0 = Release|Any CPU
	EndGlobalSection
	GlobalSection(SolutionProperties) = preSolution
		HideSolutionNode = FALSE
	EndGlobalSection
EndGlobal
